<?xml version="1.0" encoding="utf-8"?>
<Project ToolsVersion="4.0" xmlns="http://schemas.microsoft.com/developer/msbuild/2003">
  <ItemGroup>
    <Filter Include="Source Files">
      <UniqueIdentifier>{4FC737F1-C7A5-4376-A066-2A32D752A2FF}</UniqueIdentifier>
      <Extensions>cpp;c;cc;cxx;c++;cppm;ixx;def;odl;idl;hpj;bat;asm;asmx</Extensions>
    </Filter>
    <Filter Include="Header Files">
      <UniqueIdentifier>{93995380-89BD-4b04-88EB-625FBE52EBFB}</UniqueIdentifier>
      <Extensions>h;hh;hpp;hxx;h++;hm;inl;inc;ipp;xsd</Extensions>
    </Filter>
    <Filter Include="Resource Files">
      <UniqueIdentifier>{67DA6AB6-F800-4c08-8B7A-83BB121AAD01}</UniqueIdentifier>
      <Extensions>rc;ico;cur;bmp;dlg;rc2;rct;bin;rgs;gif;jpg;jpeg;jpe;resx;tiff;tif;png;wav;mfcribbon-ms</Extensions>
    </Filter>
    <Filter Include="Resource Files\resources">
      <UniqueIdentifier>{dc358b6d-db87-4245-98fd-80a4cebe150d}</UniqueIdentifier>
    </Filter>
    <Filter Include="Header Files\OpenGl related.h">
      <UniqueIdentifier>{631fdfa2-d5d0-4746-b66e-1d85a8017fab}</UniqueIdentifier>
    </Filter>
    <Filter Include="Source Files\OpenGl related.cpp">
      <UniqueIdentifier>{4b5db3c8-09b7-4d03-b3ba-702442fbc3f0}</UniqueIdentifier>
    </Filter>
    <Filter Include="Header Files\Shaders">
      <UniqueIdentifier>{0467e167-105d-4f51-b177-c56c2e56dac8}</UniqueIdentifier>
    </Filter>
    <Filter Include="Header Files\Math headers">
      <UniqueIdentifier>{a203afb2-c846-47de-9606-00fe622e27a4}</UniqueIdentifier>
    </Filter>
    <Filter Include="Source Files\Math cpp">
      <UniqueIdentifier>{bef78342-eebe-4fdd-b7c9-9ae0f412a563}</UniqueIdentifier>
    </Filter>
  </ItemGroup>
  <ItemGroup>
    <ClCompile Include="main.cpp">
      <Filter>Source Files</Filter>
    </ClCompile>
    <ClCompile Include="shader.cpp">
      <Filter>Source Files\OpenGl related.cpp</Filter>
    </ClCompile>
    <ClCompile Include="Camera.cpp">
      <Filter>Source Files\OpenGl related.cpp</Filter>
    </ClCompile>
    <ClCompile Include="model.cpp">
      <Filter>Source Files\OpenGl related.cpp</Filter>
    </ClCompile>
    <ClCompile Include="mesh.cpp">
      <Filter>Source Files\OpenGl related.cpp</Filter>
    </ClCompile>
    <ClCompile Include="MazeGenerator.cpp">
      <Filter>Source Files</Filter>
    </ClCompile>
    <ClCompile Include="Player.cpp">
      <Filter>Source Files</Filter>
    </ClCompile>
    <ClCompile Include="Hedge.cpp">
      <Filter>Source Files</Filter>
    </ClCompile>
    <ClCompile Include="CubeCollider.cpp">
      <Filter>Source Files</Filter>
    </ClCompile>
    <ClCompile Include="InputProcess.cpp">
      <Filter>Source Files</Filter>
    </ClCompile>
    <ClCompile Include="TexGen.cpp">
      <Filter>Source Files</Filter>
    </ClCompile>
    <ClCompile Include="Enemy.cpp">
      <Filter>Source Files</Filter>
    </ClCompile>
    <ClCompile Include="Entity.cpp">
      <Filter>Source Files</Filter>
    </ClCompile>
    <ClCompile Include="OpenAL\MusicBuffer.cpp">
      <Filter>Source Files</Filter>
    </ClCompile>
    <ClCompile Include="OpenAL\SoundDevice.cpp">
      <Filter>Source Files</Filter>
    </ClCompile>
    <ClCompile Include="OpenAL\SoundEffectsLibrary.cpp">
      <Filter>Source Files</Filter>
    </ClCompile>
    <ClCompile Include="OpenAL\SoundEffectsPlayer.cpp">
      <Filter>Source Files</Filter>
    </ClCompile>
    <ClCompile Include="Animation.cpp">
      <Filter>Source Files</Filter>
    </ClCompile>
    <ClCompile Include="Button.cpp">
      <Filter>Source Files</Filter>
    </ClCompile>
    <ClCompile Include="Light.cpp">
      <Filter>Source Files</Filter>
    </ClCompile>
    <ClCompile Include="LightCube.cpp">
      <Filter>Source Files</Filter>
    </ClCompile>
  </ItemGroup>
  <ItemGroup>
    <ClInclude Include="shader.h">
      <Filter>Header Files\OpenGl related.h</Filter>
    </ClInclude>
    <ClInclude Include="Camera.h">
      <Filter>Header Files\OpenGl related.h</Filter>
    </ClInclude>
    <ClInclude Include="model.h">
      <Filter>Header Files\OpenGl related.h</Filter>
    </ClInclude>
    <ClInclude Include="mesh.h">
      <Filter>Header Files\OpenGl related.h</Filter>
    </ClInclude>
    <ClInclude Include="MazeGenerator.h">
      <Filter>Header Files</Filter>
    </ClInclude>
    <ClInclude Include="Player.h">
      <Filter>Header Files</Filter>
    </ClInclude>
    <ClInclude Include="Hedge.h">
      <Filter>Header Files</Filter>
    </ClInclude>
    <ClInclude Include="CubeCollider.h">
      <Filter>Header Files</Filter>
    </ClInclude>
    <ClInclude Include="InputProcess.h">
      <Filter>Header Files</Filter>
    </ClInclude>
    <ClInclude Include="TexGen.h">
      <Filter>Header Files</Filter>
    </ClInclude>
    <ClInclude Include="Enemy.h">
      <Filter>Header Files</Filter>
    </ClInclude>
    <ClInclude Include="Entity.h">
      <Filter>Header Files</Filter>
    </ClInclude>
    <ClInclude Include="Math.h">
      <Filter>Header Files\Math headers</Filter>
    </ClInclude>
    <ClInclude Include="Animation.h">
      <Filter>Header Files</Filter>
    </ClInclude>
    <ClInclude Include="Button.h">
      <Filter>Header Files</Filter>
    </ClInclude>
    <ClInclude Include="Light.h">
      <Filter>Header Files</Filter>
    </ClInclude>
    <ClInclude Include="LightCube.h">
      <Filter>Header Files</Filter>
    </ClInclude>
    <ClInclude Include="Extra.h">
      <Filter>Header Files</Filter>
    </ClInclude>
    <ClInclude Include="OpenAL\MusicBuffer.h">
      <Filter>Header Files</Filter>
    </ClInclude>
    <ClInclude Include="OpenAL\OpenALErrorCheck.h">
      <Filter>Header Files</Filter>
    </ClInclude>
    <ClInclude Include="OpenAL\SoundDevice.h">
      <Filter>Header Files</Filter>
    </ClInclude>
    <ClInclude Include="OpenAL\SoundEffectsLibrary.h">
      <Filter>Header Files</Filter>
    </ClInclude>
    <ClInclude Include="OpenAL\SoundEffectsPlayer.h">
      <Filter>Header Files</Filter>
    </ClInclude>
  </ItemGroup>
  <ItemGroup>
    <None Include="av.shader">
      <Filter>Header Files\Shaders</Filter>
    </None>
    <None Include="af.shader">
      <Filter>Header Files\Shaders</Filter>
    </None>
    <None Include="modelFragment.shader">
      <Filter>Header Files\Shaders</Filter>
    </None>
    <None Include="modelVertex.shader">
      <Filter>Header Files\Shaders</Filter>
    </None>
    <None Include="lightInstanceVertex.shader">
      <Filter>Header Files\Shaders</Filter>
    </None>
    <None Include="lightInstanceFragment.shader">
      <Filter>Header Files\Shaders</Filter>
    </None>
    <None Include="menuShaderFragment.shader">
      <Filter>Header Files\Shaders</Filter>
    </None>
    <None Include="menuShaderVertex.shader">
      <Filter>Header Files\Shaders</Filter>
    </None>
    <None Include="light_cube_vertex.shader">
      <Filter>Header Files\Shaders</Filter>
    </None>
    <None Include="light_cube_fragment.shader">
      <Filter>Header Files\Shaders</Filter>
    </None>
  </ItemGroup>
</Project>